// !$*UTF8*$!
{
	archiveVersion = 1;
	classes = {
	};
	objectVersion = 48;
	objects = {

/* Begin PBXBuildFile section */
		59169BFC1FB5772000493D7C /* AppDelegate.swift in Sources */ = {isa = PBXBuildFile; fileRef = 59169BFB1FB5772000493D7C /* AppDelegate.swift */; };
		59169BFE1FB5772000493D7C /* ViewController.swift in Sources */ = {isa = PBXBuildFile; fileRef = 59169BFD1FB5772000493D7C /* ViewController.swift */; };
		59169C011FB5772000493D7C /* Main.storyboard in Resources */ = {isa = PBXBuildFile; fileRef = 59169BFF1FB5772000493D7C /* Main.storyboard */; };
		59169C031FB5772000493D7C /* Assets.xcassets in Resources */ = {isa = PBXBuildFile; fileRef = 59169C021FB5772000493D7C /* Assets.xcassets */; };
		59169C061FB5772000493D7C /* LaunchScreen.storyboard in Resources */ = {isa = PBXBuildFile; fileRef = 59169C041FB5772000493D7C /* LaunchScreen.storyboard */; };
		59169C0E1FB57AFB00493D7C /* PersonCell.swift in Sources */ = {isa = PBXBuildFile; fileRef = 59169C0D1FB57AFB00493D7C /* PersonCell.swift */; };
		59169C101FB662D500493D7C /* Person.swift in Sources */ = {isa = PBXBuildFile; fileRef = 59169C0F1FB662D500493D7C /* Person.swift */; };
/* End PBXBuildFile section */

/* Begin PBXFileReference section */
		59169BF81FB5772000493D7C /* project 10.app */ = {isa = PBXFileReference; explicitFileType = wrapper.application; includeInIndex = 0; path = "project 10.app"; sourceTree = BUILT_PRODUCTS_DIR; };
		59169BFB1FB5772000493D7C /* AppDelegate.swift */ = {isa = PBXFileReference; lastKnownFileType = sourcecode.swift; path = AppDelegate.swift; sourceTree = "<group>"; };
		59169BFD1FB5772000493D7C /* ViewController.swift */ = {isa = PBXFileReference; lastKnownFileType = sourcecode.swift; path = ViewController.swift; sourceTree = "<group>"; };
		59169C001FB5772000493D7C /* Base */ = {isa = PBXFileReference; lastKnownFileType = file.storyboard; name = Base; path = Base.lproj/Main.storyboard; sourceTree = "<group>"; };
		59169C021FB5772000493D7C /* Assets.xcassets */ = {isa = PBXFileReference; lastKnownFileType = folder.assetcatalog; path = Assets.xcassets; sourceTree = "<group>"; };
		59169C051FB5772000493D7C /* Base */ = {isa = PBXFileReference; lastKnownFileType = file.storyboard; name = Base; path = Base.lproj/LaunchScreen.storyboard; sourceTree = "<group>"; };
		59169C071FB5772000493D7C /* Info.plist */ = {isa = PBXFileReference; lastKnownFileType = text.plist.xml; path = Info.plist; sourceTree = "<group>"; };
		59169C0D1FB57AFB00493D7C /* PersonCell.swift */ = {isa = PBXFileReference; lastKnownFileType = sourcecode.swift; path = PersonCell.swift; sourceTree = "<group>"; };
		59169C0F1FB662D500493D7C /* Person.swift */ = {isa = PBXFileReference; lastKnownFileType = sourcecode.swift; path = Person.swift; sourceTree = "<group>"; };
/* End PBXFileReference section */

/* Begin PBXFrameworksBuildPhase section */
		59169BF51FB5772000493D7C /* Frameworks */ = {
			isa = PBXFrameworksBuildPhase;
			buildActionMask = 2147483647;
			files = (
			);
			runOnlyForDeploymentPostprocessing = 0;
		};
/* End PBXFrameworksBuildPhase section */

/* Begin PBXGroup section */
		59169BEF1FB5771F00493D7C = {
			isa = PBXGroup;
			children = (
				59169BFA1FB5772000493D7C /* project 10 */,
				59169BF91FB5772000493D7C /* Products */,
			);
			sourceTree = "<group>";
		};
		59169BF91FB5772000493D7C /* Products */ = {
			isa = PBXGroup;
			children = (
				59169BF81FB5772000493D7C /* project 10.app */,
			);
			name = Products;
			sourceTree = "<group>";
		};
		59169BFA1FB5772000493D7C /* project 10 */ = {
			isa = PBXGroup;
			children = (
				59169BFB1FB5772000493D7C /* AppDelegate.swift */,
				59169BFD1FB5772000493D7C /* ViewController.swift */,
				59169C0F1FB662D500493D7C /* Person.swift */,
				59169BFF1FB5772000493D7C /* Main.storyboard */,
				59169C0D1FB57AFB00493D7C /* PersonCell.swift */,
				59169C021FB5772000493D7C /* Assets.xcassets */,
				59169C041FB5772000493D7C /* LaunchScreen.storyboard */,
				59169C071FB5772000493D7C /* Info.plist */,
			);
			path = "project 10";
			sourceTree = "<group>";
		};
/* End PBXGroup section */

/* Begin PBXNativeTarget section */
		59169BF71FB5772000493D7C /* project 10 */ = {
			isa = PBXNativeTarget;
			buildConfigurationList = 59169C0A1FB5772000493D7C /* Build configuration list for PBXNativeTarget "project 10" */;
			buildPhases = (
				59169BF41FB5772000493D7C /* Sources */,
				59169BF51FB5772000493D7C /* Frameworks */,
				59169BF61FB5772000493D7C /* Resources */,
			);
			buildRules = (
			);
			dependencies = (
			);
			name = "project 10";
			productName = "project 10";
			productReference = 59169BF81FB5772000493D7C /* project 10.app */;
			productType = "com.apple.product-type.application";
		};
/* End PBXNativeTarget section */

/* Begin PBXProject section */
		59169BF01FB5771F00493D7C /* Project object */ = {
			isa = PBXProject;
			attributes = {
				LastSwiftUpdateCheck = 0910;
				LastUpgradeCheck = 0910;
				ORGANIZATIONNAME = "Babak Nikkhoo";
				TargetAttributes = {
					59169BF71FB5772000493D7C = {
						CreatedOnToolsVersion = 9.1;
						ProvisioningStyle = Automatic;
					};
				};
			};
			buildConfigurationList = 59169BF31FB5771F00493D7C /* Build configuration list for PBXProject "project 10" */;
			compatibilityVersion = "Xcode 8.0";
			developmentRegion = en;
			hasScannedForEncodings = 0;
			knownRegions = (
				en,
				Base,
			);
			mainGroup = 59169BEF1FB5771F00493D7C;
			productRefGroup = 59169BF91FB5772000493D7C /* Products */;
			projectDirPath = "";
			projectRoot = "";
			targets = (
				59169BF71FB5772000493D7C /* project 10 */,
			);
		};
/* End PBXProject section */

/* Begin PBXResourcesBuildPhase section */
		59169BF61FB5772000493D7C /* Resources */ = {
			isa = PBXResourcesBuildPhase;
			buildActionMask = 2147483647;
			files = (
				59169C061FB5772000493D7C /* LaunchScreen.storyboard in Resources */,
				59169C031FB5772000493D7C /* Assets.xcassets in Resources */,
				59169C011FB5772000493D7C /* Main.storyboard in Resources */,
			);
			runOnlyForDeploymentPostprocessing = 0;
		};
/* End PBXResourcesBuildPhase section */

/* Begin PBXSourcesBuildPhase section */
		59169BF41FB5772000493D7C /* Sources */ = {
			isa = PBXSourcesBuildPhase;
			buildActionMask = 2147483647;
			files = (
				59169C0E1FB57AFB00493D7C /* PersonCell.swift in Sources */,
				59169BFE1FB5772000493D7C /* ViewController.swift in Sources */,
				59169C101FB662D500493D7C /* Person.swift in Sources */,
				59169BFC1FB5772000493D7C /* AppDelegate.swift in Sources */,
			);
			runOnlyForDeploymentPostprocessing = 0;
		};
/* End PBXSourcesBuildPhase section */

/* Begin PBXVariantGroup section */
		59169BFF1FB5772000493D7C /* Main.storyboard */ = {
			isa = PBXVariantGroup;
			children = (
				59169C001FB5772000493D7C /* Base */,
			);
			name = Main.storyboard;
			sourceTree = "<group>";
		};
		59169C041FB5772000493D7C /* LaunchScreen.storyboard */ = {
			isa = PBXVariantGroup;
			children = (
				59169C051FB5772000493D7C /* Base */,
			);
			name = LaunchScreen.storyboard;
			sourceTree = "<group>";
		};
/* End PBXVariantGroup section */

/* Begin XCBuildConfiguration section */
		59169C081FB5772000493D7C /* Debug */ = {
			isa = XCBuildConfiguration;
			buildSettings = {
				ALWAYS_SEARCH_USER_PATHS = NO;
				CLANG_ANALYZER_NONNULL = YES;
				CLANG_ANALYZER_NUMBER_OBJECT_CONVERSION = YES_AGGRESSIVE;
				CLANG_CXX_LANGUAGE_STANDARD = "gnu++14";
				CLANG_CXX_LIBRARY = "libc++";
				CLANG_ENABLE_MODULES = YES;
				CLANG_ENABLE_OBJC_ARC = YES;
				CLANG_WARN_BLOCK_CAPTURE_AUTORELEASING = YES;
				CLANG_WARN_BOOL_CONVERSION = YES;
				CLANG_WARN_COMMA = YES;
				CLANG_WARN_CONSTANT_CONVERSION = YES;
				CLANG_WARN_DIRECT_OBJC_ISA_USAGE = YES_ERROR;
				CLANG_WARN_DOCUMENTATION_COMMENTS = YES;
				CLANG_WARN_EMPTY_BODY = YES;
				CLANG_WARN_ENUM_CONVERSION = YES;
				CLANG_WARN_INFINITE_RECURSION = YES;
				CLANG_WARN_INT_CONVERSION = YES;
				CLANG_WARN_NON_LITERAL_NULL_CONVERSION = YES;
				CLANG_WARN_OBJC_LITERAL_CONVERSION = YES;
				CLANG_WARN_OBJC_ROOT_CLASS = YES_ERROR;
				CLANG_WARN_RANGE_LOOP_ANALYSIS = YES;
				CLANG_WARN_STRICT_PROTOTYPES = YES;
				CLANG_WARN_SUSPICIOUS_MOVE = YES;
				CLANG_WARN_UNGUARDED_AVAILABILITY = YES_AGGRESSIVE;
				CLANG_WARN_UNREACHABLE_CODE = YES;
				CLANG_WARN__DUPLICATE_METHOD_MATCH = YES;
				CODE_SIGN_IDENTITY = "iPhone Developer";
				COPY_PHASE_STRIP = NO;
				DEBUG_INFORMATION_FORMAT = dwarf;
				ENABLE_STRICT_OBJC_MSGSEND = YES;
				ENABLE_TESTABILITY = YES;
				GCC_C_LANGUAGE_STANDARD = gnu11;
				GCC_DYNAMIC_NO_PIC = NO;
				GCC_NO_COMMON_BLOCKS = YES;
				GCC_OPTIMIZATION_LEVEL = 0;
				GCC_PREPROCESSOR_DEFINITIONS = (
					"DEBUG=1",
					"$(inherited)",
				);
				GCC_WARN_64_TO_32_BIT_CONVERSION = YES;
				GCC_WARN_ABOUT_RETURN_TYPE = YES_ERROR;
				GCC_WARN_UNDECLARED_SELECTOR = YES;
				GCC_WARN_UNINITIALIZED_AUTOS = YES_AGGRESSIVE;
				GCC_WARN_UNUSED_FUNCTION = YES;
				GCC_WARN_UNUSED_VARIABLE = YES;
				IPHONEOS_DEPLOYMENT_TARGET = 11.1;
				MTL_ENABLE_DEBUG_INFO = YES;
				ONLY_ACTIVE_ARCH = YES;
				SDKROOT = iphoneos;
				SWIFT_ACTIVE_COMPILATION_CONDITIONS = DEBUG;
				SWIFT_OPTIMIZATION_LEVEL = "-Onone";
			};
			name = Debug;
		};
		59169C091FB5772000493D7C /* Release */ = {
			isa = XCBuildConfiguration;
			buildSettings = {
				ALWAYS_SEARCH_USER_PATHS = NO;
				CLANG_ANALYZER_NONNULL = YES;
				CLANG_ANALYZER_NUMBER_OBJECT_CONVERSION = YES_AGGRESSIVE;
				CLANG_CXX_LANGUAGE_STANDARD = "gnu++14";
				CLANG_CXX_LIBRARY = "libc++";
				CLANG_ENABLE_MODULES = YES;
				CLANG_ENABLE_OBJC_ARC = YES;
				CLANG_WARN_BLOCK_CAPTURE_AUTORELEASING = YES;
				CLANG_WARN_BOOL_CONVERSION = YES;
				CLANG_WARN_COMMA = YES;
				CLANG_WARN_CONSTANT_CONVERSION = YES;
				CLANG_WARN_DIRECT_OBJC_ISA_USAGE = YES_ERROR;
				CLANG_WARN_DOCUMENTATION_COMMENTS = YES;
				CLANG_WARN_EMPTY_BODY = YES;
				CLANG_WARN_ENUM_CONVERSION = YES;
				CLANG_WARN_INFINITE_RECURSION = YES;
				CLANG_WARN_INT_CONVERSION = YES;
				CLANG_WARN_NON_LITERAL_NULL_CONVERSION = YES;
				CLANG_WARN_OBJC_LITERAL_CONVERSION = YES;
				CLANG_WARN_OBJC_ROOT_CLASS = YES_ERROR;
				CLANG_WARN_RANGE_LOOP_ANALYSIS = YES;
				CLANG_WARN_STRICT_PROTOTYPES = YES;
				CLANG_WARN_SUSPICIOUS_MOVE = YES;
				CLANG_WARN_UNGUARDED_AVAILABILITY = YES_AGGRESSIVE;
				CLANG_WARN_UNREACHABLE_CODE = YES;
				CLANG_WARN__DUPLICATE_METHOD_MATCH = YES;
				CODE_SIGN_IDENTITY = "iPhone Developer";
				COPY_PHASE_STRIP = NO;
				DEBUG_INFORMATION_FORMAT = "dwarf-with-dsym";
				ENABLE_NS_ASSERTIONS = NO;
				ENABLE_STRICT_OBJC_MSGSEND = YES;
				GCC_C_LANGUAGE_STANDARD = gnu11;
				GCC_NO_COMMON_BLOCKS = YES;
				GCC_WARN_64_TO_32_BIT_CONVERSION = YES;
				GCC_WARN_ABOUT_RETURN_TYPE = YES_ERROR;
				GCC_WARN_UNDECLARED_SELECTOR = YES;
				GCC_WARN_UNINITIALIZED_AUTOS = YES_AGGRESSIVE;
				GCC_WARN_UNUSED_FUNCTION = YES;
				GCC_WARN_UNUSED_VARIABLE = YES;
				IPHONEOS_DEPLOYMENT_TARGET = 11.1;
				MTL_ENABLE_DEBUG_INFO = NO;
				SDKROOT = iphoneos;
				SWIFT_OPTIMIZATION_LEVEL = "-Owholemodule";
				VALIDATE_PRODUCT = YES;
			};
			name = Release;
		};
		59169C0B1FB5772000493D7C /* Debug */ = {
			isa = XCBuildConfiguration;
			buildSettings = {
				ASSETCATALOG_COMPILER_APPICON_NAME = AppIcon;
				CODE_SIGN_STYLE = Automatic;
				DEVELOPMENT_TEAM = 655UC2VY57;
				INFOPLIST_FILE = "project 10/Info.plist";
				LD_RUNPATH_SEARCH_PATHS = "$(inherited) @executable_path/Frameworks";
				PRODUCT_BUNDLE_IDENTIFIER = "com.boobs.project-10";
				PRODUCT_NAME = "$(TARGET_NAME)";
				SWIFT_VERSION = 4.0;
				TARGETED_DEVICE_FAMILY = "1,2";
			};
			name = Debug;
		};
		59169C0C1FB5772000493D7C /* Release */ = {
			isa = XCBuildConfiguration;
			buildSettings = {
				ASSETCATALOG_COMPILER_APPICON_NAME = AppIcon;
				CODE_SIGN_STYLE = Automatic;
				DEVELOPMENT_TEAM = 655UC2VY57;
				INFOPLIST_FILE = "project 10/Info.plist";
				LD_RUNPATH_SEARCH_PATHS = "$(inherited) @executable_path/Frameworks";
				PRODUCT_BUNDLE_IDENTIFIER = "com.boobs.project-10";
				PRODUCT_NAME = "$(TARGET_NAME)";
				SWIFT_VERSION = 4.0;
				TARGETED_DEVICE_FAMILY = "1,2";
			};
			name = Release;
		};
/* End XCBuildConfiguration section */

/* Begin XCConfigurationList section */
		59169BF31FB5771F00493D7C /* Build configuration list for PBXProject "project 10" */ = {
			isa = XCConfigurationList;
			buildConfigurations = (
				59169C081FB5772000493D7C /* Debug */,
				59169C091FB5772000493D7C /* Release */,
			);
			defaultConfigurationIsVisible = 0;
			defaultConfigurationName = Release;
		};
		59169C0A1FB5772000493D7C /* Build configuration list for PBXNativeTarget "project 10" */ = {
			isa = XCConfigurationList;
			buildConfigurations = (
				59169C0B1FB5772000493D7C /* Debug */,
				59169C0C1FB5772000493D7C /* Release */,
			);
			defaultConfigurationIsVisible = 0;
			defaultConfigurationName = Release;
		};
/* End XCConfigurationList section */
	};
	rootObject = 59169BF01FB5771F00493D7C /* Project object */;
}
