// !$*UTF8*$!
{
	archiveVersion = 1;
	classes = {
	};
	objectVersion = 46;
	objects = {

/* Begin PBXBuildFile section */
		5907A38E1C35C685009373E5 /* AppDelegate.swift in Sources */ = {isa = PBXBuildFile; fileRef = 5907A38D1C35C685009373E5 /* AppDelegate.swift */; };
		5907A3901C35C685009373E5 /* ViewController.swift in Sources */ = {isa = PBXBuildFile; fileRef = 5907A38F1C35C685009373E5 /* ViewController.swift */; };
		5907A3931C35C685009373E5 /* Main.storyboard in Resources */ = {isa = PBXBuildFile; fileRef = 5907A3911C35C685009373E5 /* Main.storyboard */; };
		5907A3951C35C685009373E5 /* Assets.xcassets in Resources */ = {isa = PBXBuildFile; fileRef = 5907A3941C35C685009373E5 /* Assets.xcassets */; };
		5907A3981C35C685009373E5 /* LaunchScreen.storyboard in Resources */ = {isa = PBXBuildFile; fileRef = 5907A3961C35C685009373E5 /* LaunchScreen.storyboard */; };
		5907A3A21C35CEA1009373E5 /* background_wetter,method=crop,prop=data,id=1636-900.jpg in Resources */ = {isa = PBXBuildFile; fileRef = 5907A3A11C35CEA1009373E5 /* background_wetter,method=crop,prop=data,id=1636-900.jpg */; };
		59A62EDB1D0764DA00B2A59C /* GetWeather.swift in Sources */ = {isa = PBXBuildFile; fileRef = 59A62EDA1D0764DA00B2A59C /* GetWeather.swift */; };
/* End PBXBuildFile section */

/* Begin PBXFileReference section */
		5907A38A1C35C685009373E5 /* Weather App.app */ = {isa = PBXFileReference; explicitFileType = wrapper.application; includeInIndex = 0; path = "Weather App.app"; sourceTree = BUILT_PRODUCTS_DIR; };
		5907A38D1C35C685009373E5 /* AppDelegate.swift */ = {isa = PBXFileReference; lastKnownFileType = sourcecode.swift; path = AppDelegate.swift; sourceTree = "<group>"; };
		5907A38F1C35C685009373E5 /* ViewController.swift */ = {isa = PBXFileReference; lastKnownFileType = sourcecode.swift; path = ViewController.swift; sourceTree = "<group>"; };
		5907A3921C35C685009373E5 /* Base */ = {isa = PBXFileReference; lastKnownFileType = file.storyboard; name = Base; path = Base.lproj/Main.storyboard; sourceTree = "<group>"; };
		5907A3941C35C685009373E5 /* Assets.xcassets */ = {isa = PBXFileReference; lastKnownFileType = folder.assetcatalog; path = Assets.xcassets; sourceTree = "<group>"; };
		5907A3971C35C685009373E5 /* Base */ = {isa = PBXFileReference; lastKnownFileType = file.storyboard; name = Base; path = Base.lproj/LaunchScreen.storyboard; sourceTree = "<group>"; };
		5907A3991C35C685009373E5 /* Info.plist */ = {isa = PBXFileReference; lastKnownFileType = text.plist.xml; path = Info.plist; sourceTree = "<group>"; };
		5907A3A11C35CEA1009373E5 /* background_wetter,method=crop,prop=data,id=1636-900.jpg */ = {isa = PBXFileReference; lastKnownFileType = image.jpeg; path = "background_wetter,method=crop,prop=data,id=1636-900.jpg"; sourceTree = "<group>"; };
		59A62EDA1D0764DA00B2A59C /* GetWeather.swift */ = {isa = PBXFileReference; fileEncoding = 4; lastKnownFileType = sourcecode.swift; path = GetWeather.swift; sourceTree = "<group>"; };
/* End PBXFileReference section */

/* Begin PBXFrameworksBuildPhase section */
		5907A3871C35C685009373E5 /* Frameworks */ = {
			isa = PBXFrameworksBuildPhase;
			buildActionMask = 2147483647;
			files = (
			);
			runOnlyForDeploymentPostprocessing = 0;
		};
/* End PBXFrameworksBuildPhase section */

/* Begin PBXGroup section */
		5907A3811C35C685009373E5 = {
			isa = PBXGroup;
			children = (
				5907A38C1C35C685009373E5 /* Weather App */,
				5907A38B1C35C685009373E5 /* Products */,
			);
			sourceTree = "<group>";
		};
		5907A38B1C35C685009373E5 /* Products */ = {
			isa = PBXGroup;
			children = (
				5907A38A1C35C685009373E5 /* Weather App.app */,
			);
			name = Products;
			sourceTree = "<group>";
		};
		5907A38C1C35C685009373E5 /* Weather App */ = {
			isa = PBXGroup;
			children = (
				5907A38D1C35C685009373E5 /* AppDelegate.swift */,
				5907A38F1C35C685009373E5 /* ViewController.swift */,
				59A62EDA1D0764DA00B2A59C /* GetWeather.swift */,
				5907A3911C35C685009373E5 /* Main.storyboard */,
				5907A3941C35C685009373E5 /* Assets.xcassets */,
				5907A3961C35C685009373E5 /* LaunchScreen.storyboard */,
				5907A3A11C35CEA1009373E5 /* background_wetter,method=crop,prop=data,id=1636-900.jpg */,
				5907A3991C35C685009373E5 /* Info.plist */,
			);
			path = "Weather App";
			sourceTree = "<group>";
		};
/* End PBXGroup section */

/* Begin PBXNativeTarget section */
		5907A3891C35C685009373E5 /* Weather App */ = {
			isa = PBXNativeTarget;
			buildConfigurationList = 5907A39C1C35C685009373E5 /* Build configuration list for PBXNativeTarget "Weather App" */;
			buildPhases = (
				5907A3861C35C685009373E5 /* Sources */,
				5907A3871C35C685009373E5 /* Frameworks */,
				5907A3881C35C685009373E5 /* Resources */,
			);
			buildRules = (
			);
			dependencies = (
			);
			name = "Weather App";
			productName = "Weather App";
			productReference = 5907A38A1C35C685009373E5 /* Weather App.app */;
			productType = "com.apple.product-type.application";
		};
/* End PBXNativeTarget section */

/* Begin PBXProject section */
		5907A3821C35C685009373E5 /* Project object */ = {
			isa = PBXProject;
			attributes = {
				LastSwiftUpdateCheck = 0720;
				LastUpgradeCheck = 0720;
				ORGANIZATIONNAME = "Babak Nikkhoo";
				TargetAttributes = {
					5907A3891C35C685009373E5 = {
						CreatedOnToolsVersion = 7.2;
						DevelopmentTeam = 655UC2VY57;
					};
				};
			};
			buildConfigurationList = 5907A3851C35C685009373E5 /* Build configuration list for PBXProject "Weather App" */;
			compatibilityVersion = "Xcode 3.2";
			developmentRegion = English;
			hasScannedForEncodings = 0;
			knownRegions = (
				en,
				Base,
			);
			mainGroup = 5907A3811C35C685009373E5;
			productRefGroup = 5907A38B1C35C685009373E5 /* Products */;
			projectDirPath = "";
			projectRoot = "";
			targets = (
				5907A3891C35C685009373E5 /* Weather App */,
			);
		};
/* End PBXProject section */

/* Begin PBXResourcesBuildPhase section */
		5907A3881C35C685009373E5 /* Resources */ = {
			isa = PBXResourcesBuildPhase;
			buildActionMask = 2147483647;
			files = (
				5907A3981C35C685009373E5 /* LaunchScreen.storyboard in Resources */,
				5907A3951C35C685009373E5 /* Assets.xcassets in Resources */,
				5907A3A21C35CEA1009373E5 /* background_wetter,method=crop,prop=data,id=1636-900.jpg in Resources */,
				5907A3931C35C685009373E5 /* Main.storyboard in Resources */,
			);
			runOnlyForDeploymentPostprocessing = 0;
		};
/* End PBXResourcesBuildPhase section */

/* Begin PBXSourcesBuildPhase section */
		5907A3861C35C685009373E5 /* Sources */ = {
			isa = PBXSourcesBuildPhase;
			buildActionMask = 2147483647;
			files = (
				59A62EDB1D0764DA00B2A59C /* GetWeather.swift in Sources */,
				5907A3901C35C685009373E5 /* ViewController.swift in Sources */,
				5907A38E1C35C685009373E5 /* AppDelegate.swift in Sources */,
			);
			runOnlyForDeploymentPostprocessing = 0;
		};
/* End PBXSourcesBuildPhase section */

/* Begin PBXVariantGroup section */
		5907A3911C35C685009373E5 /* Main.storyboard */ = {
			isa = PBXVariantGroup;
			children = (
				5907A3921C35C685009373E5 /* Base */,
			);
			name = Main.storyboard;
			sourceTree = "<group>";
		};
		5907A3961C35C685009373E5 /* LaunchScreen.storyboard */ = {
			isa = PBXVariantGroup;
			children = (
				5907A3971C35C685009373E5 /* Base */,
			);
			name = LaunchScreen.storyboard;
			sourceTree = "<group>";
		};
/* End PBXVariantGroup section */

/* Begin XCBuildConfiguration section */
		5907A39A1C35C685009373E5 /* Debug */ = {
			isa = XCBuildConfiguration;
			buildSettings = {
				ALWAYS_SEARCH_USER_PATHS = NO;
				CLANG_CXX_LANGUAGE_STANDARD = "gnu++0x";
				CLANG_CXX_LIBRARY = "libc++";
				CLANG_ENABLE_MODULES = YES;
				CLANG_ENABLE_OBJC_ARC = YES;
				CLANG_WARN_BOOL_CONVERSION = YES;
				CLANG_WARN_CONSTANT_CONVERSION = YES;
				CLANG_WARN_DIRECT_OBJC_ISA_USAGE = YES_ERROR;
				CLANG_WARN_EMPTY_BODY = YES;
				CLANG_WARN_ENUM_CONVERSION = YES;
				CLANG_WARN_INT_CONVERSION = YES;
				CLANG_WARN_OBJC_ROOT_CLASS = YES_ERROR;
				CLANG_WARN_UNREACHABLE_CODE = YES;
				CLANG_WARN__DUPLICATE_METHOD_MATCH = YES;
				"CODE_SIGN_IDENTITY[sdk=iphoneos*]" = "iPhone Developer";
				COPY_PHASE_STRIP = NO;
				DEBUG_INFORMATION_FORMAT = dwarf;
				ENABLE_STRICT_OBJC_MSGSEND = YES;
				ENABLE_TESTABILITY = YES;
				GCC_C_LANGUAGE_STANDARD = gnu99;
				GCC_DYNAMIC_NO_PIC = NO;
				GCC_NO_COMMON_BLOCKS = YES;
				GCC_OPTIMIZATION_LEVEL = 0;
				GCC_PREPROCESSOR_DEFINITIONS = (
					"DEBUG=1",
					"$(inherited)",
				);
				GCC_WARN_64_TO_32_BIT_CONVERSION = YES;
				GCC_WARN_ABOUT_RETURN_TYPE = YES_ERROR;
				GCC_WARN_UNDECLARED_SELECTOR = YES;
				GCC_WARN_UNINITIALIZED_AUTOS = YES_AGGRESSIVE;
				GCC_WARN_UNUSED_FUNCTION = YES;
				GCC_WARN_UNUSED_VARIABLE = YES;
				IPHONEOS_DEPLOYMENT_TARGET = 9.2;
				MTL_ENABLE_DEBUG_INFO = YES;
				ONLY_ACTIVE_ARCH = YES;
				SDKROOT = iphoneos;
				SWIFT_OPTIMIZATION_LEVEL = "-Onone";
			};
			name = Debug;
		};
		5907A39B1C35C685009373E5 /* Release */ = {
			isa = XCBuildConfiguration;
			buildSettings = {
				ALWAYS_SEARCH_USER_PATHS = NO;
				CLANG_CXX_LANGUAGE_STANDARD = "gnu++0x";
				CLANG_CXX_LIBRARY = "libc++";
				CLANG_ENABLE_MODULES = YES;
				CLANG_ENABLE_OBJC_ARC = YES;
				CLANG_WARN_BOOL_CONVERSION = YES;
				CLANG_WARN_CONSTANT_CONVERSION = YES;
				CLANG_WARN_DIRECT_OBJC_ISA_USAGE = YES_ERROR;
				CLANG_WARN_EMPTY_BODY = YES;
				CLANG_WARN_ENUM_CONVERSION = YES;
				CLANG_WARN_INT_CONVERSION = YES;
				CLANG_WARN_OBJC_ROOT_CLASS = YES_ERROR;
				CLANG_WARN_UNREACHABLE_CODE = YES;
				CLANG_WARN__DUPLICATE_METHOD_MATCH = YES;
				"CODE_SIGN_IDENTITY[sdk=iphoneos*]" = "iPhone Developer";
				COPY_PHASE_STRIP = NO;
				DEBUG_INFORMATION_FORMAT = "dwarf-with-dsym";
				ENABLE_NS_ASSERTIONS = NO;
				ENABLE_STRICT_OBJC_MSGSEND = YES;
				GCC_C_LANGUAGE_STANDARD = gnu99;
				GCC_NO_COMMON_BLOCKS = YES;
				GCC_WARN_64_TO_32_BIT_CONVERSION = YES;
				GCC_WARN_ABOUT_RETURN_TYPE = YES_ERROR;
				GCC_WARN_UNDECLARED_SELECTOR = YES;
				GCC_WARN_UNINITIALIZED_AUTOS = YES_AGGRESSIVE;
				GCC_WARN_UNUSED_FUNCTION = YES;
				GCC_WARN_UNUSED_VARIABLE = YES;
				IPHONEOS_DEPLOYMENT_TARGET = 9.2;
				MTL_ENABLE_DEBUG_INFO = NO;
				SDKROOT = iphoneos;
				VALIDATE_PRODUCT = YES;
			};
			name = Release;
		};
		5907A39D1C35C685009373E5 /* Debug */ = {
			isa = XCBuildConfiguration;
			buildSettings = {
				ASSETCATALOG_COMPILER_APPICON_NAME = AppIcon;
				INFOPLIST_FILE = "Weather App/Info.plist";
				LD_RUNPATH_SEARCH_PATHS = "$(inherited) @executable_path/Frameworks";
				PRODUCT_BUNDLE_IDENTIFIER = "com.ninjacapital.Weather-App";
				PRODUCT_NAME = "$(TARGET_NAME)";
			};
			name = Debug;
		};
		5907A39E1C35C685009373E5 /* Release */ = {
			isa = XCBuildConfiguration;
			buildSettings = {
				ASSETCATALOG_COMPILER_APPICON_NAME = AppIcon;
				INFOPLIST_FILE = "Weather App/Info.plist";
				LD_RUNPATH_SEARCH_PATHS = "$(inherited) @executable_path/Frameworks";
				PRODUCT_BUNDLE_IDENTIFIER = "com.ninjacapital.Weather-App";
				PRODUCT_NAME = "$(TARGET_NAME)";
			};
			name = Release;
		};
/* End XCBuildConfiguration section */

/* Begin XCConfigurationList section */
		5907A3851C35C685009373E5 /* Build configuration list for PBXProject "Weather App" */ = {
			isa = XCConfigurationList;
			buildConfigurations = (
				5907A39A1C35C685009373E5 /* Debug */,
				5907A39B1C35C685009373E5 /* Release */,
			);
			defaultConfigurationIsVisible = 0;
			defaultConfigurationName = Release;
		};
		5907A39C1C35C685009373E5 /* Build configuration list for PBXNativeTarget "Weather App" */ = {
			isa = XCConfigurationList;
			buildConfigurations = (
				5907A39D1C35C685009373E5 /* Debug */,
				5907A39E1C35C685009373E5 /* Release */,
			);
			defaultConfigurationIsVisible = 0;
			defaultConfigurationName = Release;
		};
/* End XCConfigurationList section */
	};
	rootObject = 5907A3821C35C685009373E5 /* Project object */;
}
