// !$*UTF8*$!
{
	archiveVersion = 1;
	classes = {
	};
	objectVersion = 46;
	objects = {

/* Begin PBXBuildFile section */
		59FD73DF1D0902E700B83518 /* AppDelegate.swift in Sources */ = {isa = PBXBuildFile; fileRef = 59FD73DE1D0902E700B83518 /* AppDelegate.swift */; };
		59FD73E11D0902E700B83518 /* ViewController.swift in Sources */ = {isa = PBXBuildFile; fileRef = 59FD73E01D0902E700B83518 /* ViewController.swift */; };
		59FD73E41D0902E700B83518 /* Main.storyboard in Resources */ = {isa = PBXBuildFile; fileRef = 59FD73E21D0902E700B83518 /* Main.storyboard */; };
		59FD73E61D0902E700B83518 /* Assets.xcassets in Resources */ = {isa = PBXBuildFile; fileRef = 59FD73E51D0902E700B83518 /* Assets.xcassets */; };
		59FD73E91D0902E700B83518 /* LaunchScreen.storyboard in Resources */ = {isa = PBXBuildFile; fileRef = 59FD73E71D0902E700B83518 /* LaunchScreen.storyboard */; };
		59FD741D1D09CABC00B83518 /* frame1.png in Resources */ = {isa = PBXBuildFile; fileRef = 59FD740E1D09CABC00B83518 /* frame1.png */; };
		59FD741E1D09CABC00B83518 /* frame2.png in Resources */ = {isa = PBXBuildFile; fileRef = 59FD740F1D09CABC00B83518 /* frame2.png */; };
		59FD741F1D09CABC00B83518 /* frame3.png in Resources */ = {isa = PBXBuildFile; fileRef = 59FD74101D09CABC00B83518 /* frame3.png */; };
		59FD74201D09CABC00B83518 /* frame4.png in Resources */ = {isa = PBXBuildFile; fileRef = 59FD74111D09CABC00B83518 /* frame4.png */; };
		59FD74211D09CABC00B83518 /* frame5.png in Resources */ = {isa = PBXBuildFile; fileRef = 59FD74121D09CABC00B83518 /* frame5.png */; };
		59FD74221D09CABC00B83518 /* frame6.png in Resources */ = {isa = PBXBuildFile; fileRef = 59FD74131D09CABC00B83518 /* frame6.png */; };
		59FD74231D09CABC00B83518 /* frame7.png in Resources */ = {isa = PBXBuildFile; fileRef = 59FD74141D09CABC00B83518 /* frame7.png */; };
		59FD74241D09CABC00B83518 /* frame8.png in Resources */ = {isa = PBXBuildFile; fileRef = 59FD74151D09CABC00B83518 /* frame8.png */; };
		59FD74251D09CABC00B83518 /* frame9.png in Resources */ = {isa = PBXBuildFile; fileRef = 59FD74161D09CABC00B83518 /* frame9.png */; };
		59FD74261D09CABC00B83518 /* frame10.png in Resources */ = {isa = PBXBuildFile; fileRef = 59FD74171D09CABC00B83518 /* frame10.png */; };
		59FD74271D09CABC00B83518 /* frame11.png in Resources */ = {isa = PBXBuildFile; fileRef = 59FD74181D09CABC00B83518 /* frame11.png */; };
		59FD74281D09CABC00B83518 /* frame12.png in Resources */ = {isa = PBXBuildFile; fileRef = 59FD74191D09CABC00B83518 /* frame12.png */; };
		59FD74291D09CABC00B83518 /* frame13.png in Resources */ = {isa = PBXBuildFile; fileRef = 59FD741A1D09CABC00B83518 /* frame13.png */; };
		59FD742A1D09CABC00B83518 /* frame14.png in Resources */ = {isa = PBXBuildFile; fileRef = 59FD741B1D09CABC00B83518 /* frame14.png */; };
		59FD742B1D09CABC00B83518 /* frame15.png in Resources */ = {isa = PBXBuildFile; fileRef = 59FD741C1D09CABC00B83518 /* frame15.png */; };
/* End PBXBuildFile section */

/* Begin PBXFileReference section */
		59FD73DB1D0902E700B83518 /* Bruce Lee Animation.app */ = {isa = PBXFileReference; explicitFileType = wrapper.application; includeInIndex = 0; path = "Bruce Lee Animation.app"; sourceTree = BUILT_PRODUCTS_DIR; };
		59FD73DE1D0902E700B83518 /* AppDelegate.swift */ = {isa = PBXFileReference; lastKnownFileType = sourcecode.swift; path = AppDelegate.swift; sourceTree = "<group>"; };
		59FD73E01D0902E700B83518 /* ViewController.swift */ = {isa = PBXFileReference; lastKnownFileType = sourcecode.swift; path = ViewController.swift; sourceTree = "<group>"; };
		59FD73E31D0902E700B83518 /* Base */ = {isa = PBXFileReference; lastKnownFileType = file.storyboard; name = Base; path = Base.lproj/Main.storyboard; sourceTree = "<group>"; };
		59FD73E51D0902E700B83518 /* Assets.xcassets */ = {isa = PBXFileReference; lastKnownFileType = folder.assetcatalog; path = Assets.xcassets; sourceTree = "<group>"; };
		59FD73E81D0902E700B83518 /* Base */ = {isa = PBXFileReference; lastKnownFileType = file.storyboard; name = Base; path = Base.lproj/LaunchScreen.storyboard; sourceTree = "<group>"; };
		59FD73EA1D0902E700B83518 /* Info.plist */ = {isa = PBXFileReference; lastKnownFileType = text.plist.xml; path = Info.plist; sourceTree = "<group>"; };
		59FD740E1D09CABC00B83518 /* frame1.png */ = {isa = PBXFileReference; lastKnownFileType = image.png; path = frame1.png; sourceTree = "<group>"; };
		59FD740F1D09CABC00B83518 /* frame2.png */ = {isa = PBXFileReference; lastKnownFileType = image.png; path = frame2.png; sourceTree = "<group>"; };
		59FD74101D09CABC00B83518 /* frame3.png */ = {isa = PBXFileReference; lastKnownFileType = image.png; path = frame3.png; sourceTree = "<group>"; };
		59FD74111D09CABC00B83518 /* frame4.png */ = {isa = PBXFileReference; lastKnownFileType = image.png; path = frame4.png; sourceTree = "<group>"; };
		59FD74121D09CABC00B83518 /* frame5.png */ = {isa = PBXFileReference; lastKnownFileType = image.png; path = frame5.png; sourceTree = "<group>"; };
		59FD74131D09CABC00B83518 /* frame6.png */ = {isa = PBXFileReference; lastKnownFileType = image.png; path = frame6.png; sourceTree = "<group>"; };
		59FD74141D09CABC00B83518 /* frame7.png */ = {isa = PBXFileReference; lastKnownFileType = image.png; path = frame7.png; sourceTree = "<group>"; };
		59FD74151D09CABC00B83518 /* frame8.png */ = {isa = PBXFileReference; lastKnownFileType = image.png; path = frame8.png; sourceTree = "<group>"; };
		59FD74161D09CABC00B83518 /* frame9.png */ = {isa = PBXFileReference; lastKnownFileType = image.png; path = frame9.png; sourceTree = "<group>"; };
		59FD74171D09CABC00B83518 /* frame10.png */ = {isa = PBXFileReference; lastKnownFileType = image.png; path = frame10.png; sourceTree = "<group>"; };
		59FD74181D09CABC00B83518 /* frame11.png */ = {isa = PBXFileReference; lastKnownFileType = image.png; path = frame11.png; sourceTree = "<group>"; };
		59FD74191D09CABC00B83518 /* frame12.png */ = {isa = PBXFileReference; lastKnownFileType = image.png; path = frame12.png; sourceTree = "<group>"; };
		59FD741A1D09CABC00B83518 /* frame13.png */ = {isa = PBXFileReference; lastKnownFileType = image.png; path = frame13.png; sourceTree = "<group>"; };
		59FD741B1D09CABC00B83518 /* frame14.png */ = {isa = PBXFileReference; lastKnownFileType = image.png; path = frame14.png; sourceTree = "<group>"; };
		59FD741C1D09CABC00B83518 /* frame15.png */ = {isa = PBXFileReference; lastKnownFileType = image.png; path = frame15.png; sourceTree = "<group>"; };
/* End PBXFileReference section */

/* Begin PBXFrameworksBuildPhase section */
		59FD73D81D0902E700B83518 /* Frameworks */ = {
			isa = PBXFrameworksBuildPhase;
			buildActionMask = 2147483647;
			files = (
			);
			runOnlyForDeploymentPostprocessing = 0;
		};
/* End PBXFrameworksBuildPhase section */

/* Begin PBXGroup section */
		59FD73D21D0902E700B83518 = {
			isa = PBXGroup;
			children = (
				59FD73DD1D0902E700B83518 /* Bruce Lee Animation */,
				59FD73DC1D0902E700B83518 /* Products */,
			);
			sourceTree = "<group>";
		};
		59FD73DC1D0902E700B83518 /* Products */ = {
			isa = PBXGroup;
			children = (
				59FD73DB1D0902E700B83518 /* Bruce Lee Animation.app */,
			);
			name = Products;
			sourceTree = "<group>";
		};
		59FD73DD1D0902E700B83518 /* Bruce Lee Animation */ = {
			isa = PBXGroup;
			children = (
				59FD73E01D0902E700B83518 /* ViewController.swift */,
				59FD73E21D0902E700B83518 /* Main.storyboard */,
				59FD742D1D09CBE700B83518 /* SupportingFiles */,
				59FD742C1D09CACD00B83518 /* BruceImages */,
			);
			path = "Bruce Lee Animation";
			sourceTree = "<group>";
		};
		59FD742C1D09CACD00B83518 /* BruceImages */ = {
			isa = PBXGroup;
			children = (
				59FD740E1D09CABC00B83518 /* frame1.png */,
				59FD740F1D09CABC00B83518 /* frame2.png */,
				59FD74101D09CABC00B83518 /* frame3.png */,
				59FD74111D09CABC00B83518 /* frame4.png */,
				59FD74121D09CABC00B83518 /* frame5.png */,
				59FD74131D09CABC00B83518 /* frame6.png */,
				59FD74141D09CABC00B83518 /* frame7.png */,
				59FD74151D09CABC00B83518 /* frame8.png */,
				59FD74161D09CABC00B83518 /* frame9.png */,
				59FD74171D09CABC00B83518 /* frame10.png */,
				59FD74181D09CABC00B83518 /* frame11.png */,
				59FD74191D09CABC00B83518 /* frame12.png */,
				59FD741A1D09CABC00B83518 /* frame13.png */,
				59FD741B1D09CABC00B83518 /* frame14.png */,
				59FD741C1D09CABC00B83518 /* frame15.png */,
			);
			name = BruceImages;
			sourceTree = "<group>";
		};
		59FD742D1D09CBE700B83518 /* SupportingFiles */ = {
			isa = PBXGroup;
			children = (
				59FD73E51D0902E700B83518 /* Assets.xcassets */,
				59FD73DE1D0902E700B83518 /* AppDelegate.swift */,
				59FD73E71D0902E700B83518 /* LaunchScreen.storyboard */,
				59FD73EA1D0902E700B83518 /* Info.plist */,
			);
			name = SupportingFiles;
			sourceTree = "<group>";
		};
/* End PBXGroup section */

/* Begin PBXNativeTarget section */
		59FD73DA1D0902E700B83518 /* Bruce Lee Animation */ = {
			isa = PBXNativeTarget;
			buildConfigurationList = 59FD73ED1D0902E700B83518 /* Build configuration list for PBXNativeTarget "Bruce Lee Animation" */;
			buildPhases = (
				59FD73D71D0902E700B83518 /* Sources */,
				59FD73D81D0902E700B83518 /* Frameworks */,
				59FD73D91D0902E700B83518 /* Resources */,
			);
			buildRules = (
			);
			dependencies = (
			);
			name = "Bruce Lee Animation";
			productName = "Bruce Lee Animation";
			productReference = 59FD73DB1D0902E700B83518 /* Bruce Lee Animation.app */;
			productType = "com.apple.product-type.application";
		};
/* End PBXNativeTarget section */

/* Begin PBXProject section */
		59FD73D31D0902E700B83518 /* Project object */ = {
			isa = PBXProject;
			attributes = {
				LastSwiftUpdateCheck = 0730;
				LastUpgradeCheck = 0730;
				ORGANIZATIONNAME = "Babak Nikkhoo";
				TargetAttributes = {
					59FD73DA1D0902E700B83518 = {
						CreatedOnToolsVersion = 7.3.1;
					};
				};
			};
			buildConfigurationList = 59FD73D61D0902E700B83518 /* Build configuration list for PBXProject "Bruce Lee Animation" */;
			compatibilityVersion = "Xcode 3.2";
			developmentRegion = English;
			hasScannedForEncodings = 0;
			knownRegions = (
				en,
				Base,
			);
			mainGroup = 59FD73D21D0902E700B83518;
			productRefGroup = 59FD73DC1D0902E700B83518 /* Products */;
			projectDirPath = "";
			projectRoot = "";
			targets = (
				59FD73DA1D0902E700B83518 /* Bruce Lee Animation */,
			);
		};
/* End PBXProject section */

/* Begin PBXResourcesBuildPhase section */
		59FD73D91D0902E700B83518 /* Resources */ = {
			isa = PBXResourcesBuildPhase;
			buildActionMask = 2147483647;
			files = (
				59FD741E1D09CABC00B83518 /* frame2.png in Resources */,
				59FD74281D09CABC00B83518 /* frame12.png in Resources */,
				59FD74251D09CABC00B83518 /* frame9.png in Resources */,
				59FD741F1D09CABC00B83518 /* frame3.png in Resources */,
				59FD74201D09CABC00B83518 /* frame4.png in Resources */,
				59FD73E91D0902E700B83518 /* LaunchScreen.storyboard in Resources */,
				59FD742A1D09CABC00B83518 /* frame14.png in Resources */,
				59FD742B1D09CABC00B83518 /* frame15.png in Resources */,
				59FD741D1D09CABC00B83518 /* frame1.png in Resources */,
				59FD74231D09CABC00B83518 /* frame7.png in Resources */,
				59FD74211D09CABC00B83518 /* frame5.png in Resources */,
				59FD74261D09CABC00B83518 /* frame10.png in Resources */,
				59FD73E61D0902E700B83518 /* Assets.xcassets in Resources */,
				59FD74221D09CABC00B83518 /* frame6.png in Resources */,
				59FD73E41D0902E700B83518 /* Main.storyboard in Resources */,
				59FD74291D09CABC00B83518 /* frame13.png in Resources */,
				59FD74241D09CABC00B83518 /* frame8.png in Resources */,
				59FD74271D09CABC00B83518 /* frame11.png in Resources */,
			);
			runOnlyForDeploymentPostprocessing = 0;
		};
/* End PBXResourcesBuildPhase section */

/* Begin PBXSourcesBuildPhase section */
		59FD73D71D0902E700B83518 /* Sources */ = {
			isa = PBXSourcesBuildPhase;
			buildActionMask = 2147483647;
			files = (
				59FD73E11D0902E700B83518 /* ViewController.swift in Sources */,
				59FD73DF1D0902E700B83518 /* AppDelegate.swift in Sources */,
			);
			runOnlyForDeploymentPostprocessing = 0;
		};
/* End PBXSourcesBuildPhase section */

/* Begin PBXVariantGroup section */
		59FD73E21D0902E700B83518 /* Main.storyboard */ = {
			isa = PBXVariantGroup;
			children = (
				59FD73E31D0902E700B83518 /* Base */,
			);
			name = Main.storyboard;
			sourceTree = "<group>";
		};
		59FD73E71D0902E700B83518 /* LaunchScreen.storyboard */ = {
			isa = PBXVariantGroup;
			children = (
				59FD73E81D0902E700B83518 /* Base */,
			);
			name = LaunchScreen.storyboard;
			sourceTree = "<group>";
		};
/* End PBXVariantGroup section */

/* Begin XCBuildConfiguration section */
		59FD73EB1D0902E700B83518 /* Debug */ = {
			isa = XCBuildConfiguration;
			buildSettings = {
				ALWAYS_SEARCH_USER_PATHS = NO;
				CLANG_ANALYZER_NONNULL = YES;
				CLANG_CXX_LANGUAGE_STANDARD = "gnu++0x";
				CLANG_CXX_LIBRARY = "libc++";
				CLANG_ENABLE_MODULES = YES;
				CLANG_ENABLE_OBJC_ARC = YES;
				CLANG_WARN_BOOL_CONVERSION = YES;
				CLANG_WARN_CONSTANT_CONVERSION = YES;
				CLANG_WARN_DIRECT_OBJC_ISA_USAGE = YES_ERROR;
				CLANG_WARN_EMPTY_BODY = YES;
				CLANG_WARN_ENUM_CONVERSION = YES;
				CLANG_WARN_INT_CONVERSION = YES;
				CLANG_WARN_OBJC_ROOT_CLASS = YES_ERROR;
				CLANG_WARN_UNREACHABLE_CODE = YES;
				CLANG_WARN__DUPLICATE_METHOD_MATCH = YES;
				"CODE_SIGN_IDENTITY[sdk=iphoneos*]" = "iPhone Developer";
				COPY_PHASE_STRIP = NO;
				DEBUG_INFORMATION_FORMAT = dwarf;
				ENABLE_STRICT_OBJC_MSGSEND = YES;
				ENABLE_TESTABILITY = YES;
				GCC_C_LANGUAGE_STANDARD = gnu99;
				GCC_DYNAMIC_NO_PIC = NO;
				GCC_NO_COMMON_BLOCKS = YES;
				GCC_OPTIMIZATION_LEVEL = 0;
				GCC_PREPROCESSOR_DEFINITIONS = (
					"DEBUG=1",
					"$(inherited)",
				);
				GCC_WARN_64_TO_32_BIT_CONVERSION = YES;
				GCC_WARN_ABOUT_RETURN_TYPE = YES_ERROR;
				GCC_WARN_UNDECLARED_SELECTOR = YES;
				GCC_WARN_UNINITIALIZED_AUTOS = YES_AGGRESSIVE;
				GCC_WARN_UNUSED_FUNCTION = YES;
				GCC_WARN_UNUSED_VARIABLE = YES;
				IPHONEOS_DEPLOYMENT_TARGET = 9.3;
				MTL_ENABLE_DEBUG_INFO = YES;
				ONLY_ACTIVE_ARCH = YES;
				SDKROOT = iphoneos;
				SWIFT_OPTIMIZATION_LEVEL = "-Onone";
				TARGETED_DEVICE_FAMILY = "1,2";
			};
			name = Debug;
		};
		59FD73EC1D0902E700B83518 /* Release */ = {
			isa = XCBuildConfiguration;
			buildSettings = {
				ALWAYS_SEARCH_USER_PATHS = NO;
				CLANG_ANALYZER_NONNULL = YES;
				CLANG_CXX_LANGUAGE_STANDARD = "gnu++0x";
				CLANG_CXX_LIBRARY = "libc++";
				CLANG_ENABLE_MODULES = YES;
				CLANG_ENABLE_OBJC_ARC = YES;
				CLANG_WARN_BOOL_CONVERSION = YES;
				CLANG_WARN_CONSTANT_CONVERSION = YES;
				CLANG_WARN_DIRECT_OBJC_ISA_USAGE = YES_ERROR;
				CLANG_WARN_EMPTY_BODY = YES;
				CLANG_WARN_ENUM_CONVERSION = YES;
				CLANG_WARN_INT_CONVERSION = YES;
				CLANG_WARN_OBJC_ROOT_CLASS = YES_ERROR;
				CLANG_WARN_UNREACHABLE_CODE = YES;
				CLANG_WARN__DUPLICATE_METHOD_MATCH = YES;
				"CODE_SIGN_IDENTITY[sdk=iphoneos*]" = "iPhone Developer";
				COPY_PHASE_STRIP = NO;
				DEBUG_INFORMATION_FORMAT = "dwarf-with-dsym";
				ENABLE_NS_ASSERTIONS = NO;
				ENABLE_STRICT_OBJC_MSGSEND = YES;
				GCC_C_LANGUAGE_STANDARD = gnu99;
				GCC_NO_COMMON_BLOCKS = YES;
				GCC_WARN_64_TO_32_BIT_CONVERSION = YES;
				GCC_WARN_ABOUT_RETURN_TYPE = YES_ERROR;
				GCC_WARN_UNDECLARED_SELECTOR = YES;
				GCC_WARN_UNINITIALIZED_AUTOS = YES_AGGRESSIVE;
				GCC_WARN_UNUSED_FUNCTION = YES;
				GCC_WARN_UNUSED_VARIABLE = YES;
				IPHONEOS_DEPLOYMENT_TARGET = 9.3;
				MTL_ENABLE_DEBUG_INFO = NO;
				SDKROOT = iphoneos;
				TARGETED_DEVICE_FAMILY = "1,2";
				VALIDATE_PRODUCT = YES;
			};
			name = Release;
		};
		59FD73EE1D0902E700B83518 /* Debug */ = {
			isa = XCBuildConfiguration;
			buildSettings = {
				ASSETCATALOG_COMPILER_APPICON_NAME = AppIcon;
				INFOPLIST_FILE = "Bruce Lee Animation/Info.plist";
				LD_RUNPATH_SEARCH_PATHS = "$(inherited) @executable_path/Frameworks";
				PRODUCT_BUNDLE_IDENTIFIER = "Ninja.Bruce-Lee-Animation";
				PRODUCT_NAME = "$(TARGET_NAME)";
			};
			name = Debug;
		};
		59FD73EF1D0902E700B83518 /* Release */ = {
			isa = XCBuildConfiguration;
			buildSettings = {
				ASSETCATALOG_COMPILER_APPICON_NAME = AppIcon;
				INFOPLIST_FILE = "Bruce Lee Animation/Info.plist";
				LD_RUNPATH_SEARCH_PATHS = "$(inherited) @executable_path/Frameworks";
				PRODUCT_BUNDLE_IDENTIFIER = "Ninja.Bruce-Lee-Animation";
				PRODUCT_NAME = "$(TARGET_NAME)";
			};
			name = Release;
		};
/* End XCBuildConfiguration section */

/* Begin XCConfigurationList section */
		59FD73D61D0902E700B83518 /* Build configuration list for PBXProject "Bruce Lee Animation" */ = {
			isa = XCConfigurationList;
			buildConfigurations = (
				59FD73EB1D0902E700B83518 /* Debug */,
				59FD73EC1D0902E700B83518 /* Release */,
			);
			defaultConfigurationIsVisible = 0;
			defaultConfigurationName = Release;
		};
		59FD73ED1D0902E700B83518 /* Build configuration list for PBXNativeTarget "Bruce Lee Animation" */ = {
			isa = XCConfigurationList;
			buildConfigurations = (
				59FD73EE1D0902E700B83518 /* Debug */,
				59FD73EF1D0902E700B83518 /* Release */,
			);
			defaultConfigurationIsVisible = 0;
			defaultConfigurationName = Release;
		};
/* End XCConfigurationList section */
	};
	rootObject = 59FD73D31D0902E700B83518 /* Project object */;
}
