// !$*UTF8*$!
{
	archiveVersion = 1;
	classes = {
	};
	objectVersion = 46;
	objects = {

/* Begin PBXBuildFile section */
		59B2B95A1D19D47600B3BFBF /* AppDelegate.swift in Sources */ = {isa = PBXBuildFile; fileRef = 59B2B9591D19D47600B3BFBF /* AppDelegate.swift */; };
		59B2B95F1D19D47600B3BFBF /* Main.storyboard in Resources */ = {isa = PBXBuildFile; fileRef = 59B2B95D1D19D47600B3BFBF /* Main.storyboard */; };
		59B2B9611D19D47600B3BFBF /* Assets.xcassets in Resources */ = {isa = PBXBuildFile; fileRef = 59B2B9601D19D47600B3BFBF /* Assets.xcassets */; };
		59B2B9641D19D47600B3BFBF /* LaunchScreen.storyboard in Resources */ = {isa = PBXBuildFile; fileRef = 59B2B9621D19D47600B3BFBF /* LaunchScreen.storyboard */; };
		59B2B96E1D19DB9500B3BFBF /* WhoKnows.mp3 in Resources */ = {isa = PBXBuildFile; fileRef = 59B2B96C1D19DB9500B3BFBF /* WhoKnows.mp3 */; };
		59B2B96F1D19DB9500B3BFBF /* Who Knows (Suonho Raw Dub).png in Resources */ = {isa = PBXBuildFile; fileRef = 59B2B96D1D19DB9500B3BFBF /* Who Knows (Suonho Raw Dub).png */; };
		59B2B9711D1C5B6A00B3BFBF /* ViewController.swift in Sources */ = {isa = PBXBuildFile; fileRef = 59B2B9701D1C5B6A00B3BFBF /* ViewController.swift */; };
/* End PBXBuildFile section */

/* Begin PBXFileReference section */
		59B2B9561D19D47600B3BFBF /* Music Player.app */ = {isa = PBXFileReference; explicitFileType = wrapper.application; includeInIndex = 0; path = "Music Player.app"; sourceTree = BUILT_PRODUCTS_DIR; };
		59B2B9591D19D47600B3BFBF /* AppDelegate.swift */ = {isa = PBXFileReference; lastKnownFileType = sourcecode.swift; path = AppDelegate.swift; sourceTree = "<group>"; };
		59B2B95E1D19D47600B3BFBF /* Base */ = {isa = PBXFileReference; lastKnownFileType = file.storyboard; name = Base; path = Base.lproj/Main.storyboard; sourceTree = "<group>"; };
		59B2B9601D19D47600B3BFBF /* Assets.xcassets */ = {isa = PBXFileReference; lastKnownFileType = folder.assetcatalog; path = Assets.xcassets; sourceTree = "<group>"; };
		59B2B9631D19D47600B3BFBF /* Base */ = {isa = PBXFileReference; lastKnownFileType = file.storyboard; name = Base; path = Base.lproj/LaunchScreen.storyboard; sourceTree = "<group>"; };
		59B2B9651D19D47600B3BFBF /* Info.plist */ = {isa = PBXFileReference; lastKnownFileType = text.plist.xml; path = Info.plist; sourceTree = "<group>"; };
		59B2B96C1D19DB9500B3BFBF /* WhoKnows.mp3 */ = {isa = PBXFileReference; lastKnownFileType = audio.mp3; path = WhoKnows.mp3; sourceTree = "<group>"; };
		59B2B96D1D19DB9500B3BFBF /* Who Knows (Suonho Raw Dub).png */ = {isa = PBXFileReference; lastKnownFileType = image.png; path = "Who Knows (Suonho Raw Dub).png"; sourceTree = "<group>"; };
		59B2B9701D1C5B6A00B3BFBF /* ViewController.swift */ = {isa = PBXFileReference; fileEncoding = 4; lastKnownFileType = sourcecode.swift; path = ViewController.swift; sourceTree = "<group>"; };
/* End PBXFileReference section */

/* Begin PBXFrameworksBuildPhase section */
		59B2B9531D19D47600B3BFBF /* Frameworks */ = {
			isa = PBXFrameworksBuildPhase;
			buildActionMask = 2147483647;
			files = (
			);
			runOnlyForDeploymentPostprocessing = 0;
		};
/* End PBXFrameworksBuildPhase section */

/* Begin PBXGroup section */
		59B2B94D1D19D47600B3BFBF = {
			isa = PBXGroup;
			children = (
				59B2B9581D19D47600B3BFBF /* Music Player */,
				59B2B9571D19D47600B3BFBF /* Products */,
			);
			sourceTree = "<group>";
		};
		59B2B9571D19D47600B3BFBF /* Products */ = {
			isa = PBXGroup;
			children = (
				59B2B9561D19D47600B3BFBF /* Music Player.app */,
			);
			name = Products;
			sourceTree = "<group>";
		};
		59B2B9581D19D47600B3BFBF /* Music Player */ = {
			isa = PBXGroup;
			children = (
				59B2B9701D1C5B6A00B3BFBF /* ViewController.swift */,
				59B2B95D1D19D47600B3BFBF /* Main.storyboard */,
				59B2B96C1D19DB9500B3BFBF /* WhoKnows.mp3 */,
				59B2B96D1D19DB9500B3BFBF /* Who Knows (Suonho Raw Dub).png */,
				59B2B96B1D19DB6000B3BFBF /* Supporting Files */,
			);
			path = "Music Player";
			sourceTree = "<group>";
		};
		59B2B96B1D19DB6000B3BFBF /* Supporting Files */ = {
			isa = PBXGroup;
			children = (
				59B2B9601D19D47600B3BFBF /* Assets.xcassets */,
				59B2B9591D19D47600B3BFBF /* AppDelegate.swift */,
				59B2B9621D19D47600B3BFBF /* LaunchScreen.storyboard */,
				59B2B9651D19D47600B3BFBF /* Info.plist */,
			);
			name = "Supporting Files";
			sourceTree = "<group>";
		};
/* End PBXGroup section */

/* Begin PBXNativeTarget section */
		59B2B9551D19D47600B3BFBF /* Music Player */ = {
			isa = PBXNativeTarget;
			buildConfigurationList = 59B2B9681D19D47600B3BFBF /* Build configuration list for PBXNativeTarget "Music Player" */;
			buildPhases = (
				59B2B9521D19D47600B3BFBF /* Sources */,
				59B2B9531D19D47600B3BFBF /* Frameworks */,
				59B2B9541D19D47600B3BFBF /* Resources */,
			);
			buildRules = (
			);
			dependencies = (
			);
			name = "Music Player";
			productName = "Music Player";
			productReference = 59B2B9561D19D47600B3BFBF /* Music Player.app */;
			productType = "com.apple.product-type.application";
		};
/* End PBXNativeTarget section */

/* Begin PBXProject section */
		59B2B94E1D19D47600B3BFBF /* Project object */ = {
			isa = PBXProject;
			attributes = {
				LastSwiftUpdateCheck = 0730;
				LastUpgradeCheck = 0730;
				ORGANIZATIONNAME = "Babak Nikkhoo";
				TargetAttributes = {
					59B2B9551D19D47600B3BFBF = {
						CreatedOnToolsVersion = 7.3.1;
					};
				};
			};
			buildConfigurationList = 59B2B9511D19D47600B3BFBF /* Build configuration list for PBXProject "Music Player" */;
			compatibilityVersion = "Xcode 3.2";
			developmentRegion = English;
			hasScannedForEncodings = 0;
			knownRegions = (
				en,
				Base,
			);
			mainGroup = 59B2B94D1D19D47600B3BFBF;
			productRefGroup = 59B2B9571D19D47600B3BFBF /* Products */;
			projectDirPath = "";
			projectRoot = "";
			targets = (
				59B2B9551D19D47600B3BFBF /* Music Player */,
			);
		};
/* End PBXProject section */

/* Begin PBXResourcesBuildPhase section */
		59B2B9541D19D47600B3BFBF /* Resources */ = {
			isa = PBXResourcesBuildPhase;
			buildActionMask = 2147483647;
			files = (
				59B2B9641D19D47600B3BFBF /* LaunchScreen.storyboard in Resources */,
				59B2B96F1D19DB9500B3BFBF /* Who Knows (Suonho Raw Dub).png in Resources */,
				59B2B9611D19D47600B3BFBF /* Assets.xcassets in Resources */,
				59B2B96E1D19DB9500B3BFBF /* WhoKnows.mp3 in Resources */,
				59B2B95F1D19D47600B3BFBF /* Main.storyboard in Resources */,
			);
			runOnlyForDeploymentPostprocessing = 0;
		};
/* End PBXResourcesBuildPhase section */

/* Begin PBXSourcesBuildPhase section */
		59B2B9521D19D47600B3BFBF /* Sources */ = {
			isa = PBXSourcesBuildPhase;
			buildActionMask = 2147483647;
			files = (
				59B2B9711D1C5B6A00B3BFBF /* ViewController.swift in Sources */,
				59B2B95A1D19D47600B3BFBF /* AppDelegate.swift in Sources */,
			);
			runOnlyForDeploymentPostprocessing = 0;
		};
/* End PBXSourcesBuildPhase section */

/* Begin PBXVariantGroup section */
		59B2B95D1D19D47600B3BFBF /* Main.storyboard */ = {
			isa = PBXVariantGroup;
			children = (
				59B2B95E1D19D47600B3BFBF /* Base */,
			);
			name = Main.storyboard;
			sourceTree = "<group>";
		};
		59B2B9621D19D47600B3BFBF /* LaunchScreen.storyboard */ = {
			isa = PBXVariantGroup;
			children = (
				59B2B9631D19D47600B3BFBF /* Base */,
			);
			name = LaunchScreen.storyboard;
			sourceTree = "<group>";
		};
/* End PBXVariantGroup section */

/* Begin XCBuildConfiguration section */
		59B2B9661D19D47600B3BFBF /* Debug */ = {
			isa = XCBuildConfiguration;
			buildSettings = {
				ALWAYS_SEARCH_USER_PATHS = NO;
				CLANG_ANALYZER_NONNULL = YES;
				CLANG_CXX_LANGUAGE_STANDARD = "gnu++0x";
				CLANG_CXX_LIBRARY = "libc++";
				CLANG_ENABLE_MODULES = YES;
				CLANG_ENABLE_OBJC_ARC = YES;
				CLANG_WARN_BOOL_CONVERSION = YES;
				CLANG_WARN_CONSTANT_CONVERSION = YES;
				CLANG_WARN_DIRECT_OBJC_ISA_USAGE = YES_ERROR;
				CLANG_WARN_EMPTY_BODY = YES;
				CLANG_WARN_ENUM_CONVERSION = YES;
				CLANG_WARN_INT_CONVERSION = YES;
				CLANG_WARN_OBJC_ROOT_CLASS = YES_ERROR;
				CLANG_WARN_UNREACHABLE_CODE = YES;
				CLANG_WARN__DUPLICATE_METHOD_MATCH = YES;
				"CODE_SIGN_IDENTITY[sdk=iphoneos*]" = "iPhone Developer";
				COPY_PHASE_STRIP = NO;
				DEBUG_INFORMATION_FORMAT = dwarf;
				ENABLE_STRICT_OBJC_MSGSEND = YES;
				ENABLE_TESTABILITY = YES;
				GCC_C_LANGUAGE_STANDARD = gnu99;
				GCC_DYNAMIC_NO_PIC = NO;
				GCC_NO_COMMON_BLOCKS = YES;
				GCC_OPTIMIZATION_LEVEL = 0;
				GCC_PREPROCESSOR_DEFINITIONS = (
					"DEBUG=1",
					"$(inherited)",
				);
				GCC_WARN_64_TO_32_BIT_CONVERSION = YES;
				GCC_WARN_ABOUT_RETURN_TYPE = YES_ERROR;
				GCC_WARN_UNDECLARED_SELECTOR = YES;
				GCC_WARN_UNINITIALIZED_AUTOS = YES_AGGRESSIVE;
				GCC_WARN_UNUSED_FUNCTION = YES;
				GCC_WARN_UNUSED_VARIABLE = YES;
				IPHONEOS_DEPLOYMENT_TARGET = 9.3;
				MTL_ENABLE_DEBUG_INFO = YES;
				ONLY_ACTIVE_ARCH = YES;
				SDKROOT = iphoneos;
				SWIFT_OPTIMIZATION_LEVEL = "-Onone";
				TARGETED_DEVICE_FAMILY = "1,2";
			};
			name = Debug;
		};
		59B2B9671D19D47600B3BFBF /* Release */ = {
			isa = XCBuildConfiguration;
			buildSettings = {
				ALWAYS_SEARCH_USER_PATHS = NO;
				CLANG_ANALYZER_NONNULL = YES;
				CLANG_CXX_LANGUAGE_STANDARD = "gnu++0x";
				CLANG_CXX_LIBRARY = "libc++";
				CLANG_ENABLE_MODULES = YES;
				CLANG_ENABLE_OBJC_ARC = YES;
				CLANG_WARN_BOOL_CONVERSION = YES;
				CLANG_WARN_CONSTANT_CONVERSION = YES;
				CLANG_WARN_DIRECT_OBJC_ISA_USAGE = YES_ERROR;
				CLANG_WARN_EMPTY_BODY = YES;
				CLANG_WARN_ENUM_CONVERSION = YES;
				CLANG_WARN_INT_CONVERSION = YES;
				CLANG_WARN_OBJC_ROOT_CLASS = YES_ERROR;
				CLANG_WARN_UNREACHABLE_CODE = YES;
				CLANG_WARN__DUPLICATE_METHOD_MATCH = YES;
				"CODE_SIGN_IDENTITY[sdk=iphoneos*]" = "iPhone Developer";
				COPY_PHASE_STRIP = NO;
				DEBUG_INFORMATION_FORMAT = "dwarf-with-dsym";
				ENABLE_NS_ASSERTIONS = NO;
				ENABLE_STRICT_OBJC_MSGSEND = YES;
				GCC_C_LANGUAGE_STANDARD = gnu99;
				GCC_NO_COMMON_BLOCKS = YES;
				GCC_WARN_64_TO_32_BIT_CONVERSION = YES;
				GCC_WARN_ABOUT_RETURN_TYPE = YES_ERROR;
				GCC_WARN_UNDECLARED_SELECTOR = YES;
				GCC_WARN_UNINITIALIZED_AUTOS = YES_AGGRESSIVE;
				GCC_WARN_UNUSED_FUNCTION = YES;
				GCC_WARN_UNUSED_VARIABLE = YES;
				IPHONEOS_DEPLOYMENT_TARGET = 9.3;
				MTL_ENABLE_DEBUG_INFO = NO;
				SDKROOT = iphoneos;
				TARGETED_DEVICE_FAMILY = "1,2";
				VALIDATE_PRODUCT = YES;
			};
			name = Release;
		};
		59B2B9691D19D47600B3BFBF /* Debug */ = {
			isa = XCBuildConfiguration;
			buildSettings = {
				ASSETCATALOG_COMPILER_APPICON_NAME = AppIcon;
				INFOPLIST_FILE = "Music Player/Info.plist";
				LD_RUNPATH_SEARCH_PATHS = "$(inherited) @executable_path/Frameworks";
				PRODUCT_BUNDLE_IDENTIFIER = "Ninja.Music-Player";
				PRODUCT_NAME = "$(TARGET_NAME)";
			};
			name = Debug;
		};
		59B2B96A1D19D47600B3BFBF /* Release */ = {
			isa = XCBuildConfiguration;
			buildSettings = {
				ASSETCATALOG_COMPILER_APPICON_NAME = AppIcon;
				INFOPLIST_FILE = "Music Player/Info.plist";
				LD_RUNPATH_SEARCH_PATHS = "$(inherited) @executable_path/Frameworks";
				PRODUCT_BUNDLE_IDENTIFIER = "Ninja.Music-Player";
				PRODUCT_NAME = "$(TARGET_NAME)";
			};
			name = Release;
		};
/* End XCBuildConfiguration section */

/* Begin XCConfigurationList section */
		59B2B9511D19D47600B3BFBF /* Build configuration list for PBXProject "Music Player" */ = {
			isa = XCConfigurationList;
			buildConfigurations = (
				59B2B9661D19D47600B3BFBF /* Debug */,
				59B2B9671D19D47600B3BFBF /* Release */,
			);
			defaultConfigurationIsVisible = 0;
			defaultConfigurationName = Release;
		};
		59B2B9681D19D47600B3BFBF /* Build configuration list for PBXNativeTarget "Music Player" */ = {
			isa = XCConfigurationList;
			buildConfigurations = (
				59B2B9691D19D47600B3BFBF /* Debug */,
				59B2B96A1D19D47600B3BFBF /* Release */,
			);
			defaultConfigurationIsVisible = 0;
			defaultConfigurationName = Release;
		};
/* End XCConfigurationList section */
	};
	rootObject = 59B2B94E1D19D47600B3BFBF /* Project object */;
}
