// !$*UTF8*$!
{
	archiveVersion = 1;
	classes = {
	};
	objectVersion = 48;
	objects = {

/* Begin PBXBuildFile section */
		597151E31F7746AB00C3C303 /* AppDelegate.swift in Sources */ = {isa = PBXBuildFile; fileRef = 597151E21F7746AB00C3C303 /* AppDelegate.swift */; };
		597151E51F7746AB00C3C303 /* ViewController.swift in Sources */ = {isa = PBXBuildFile; fileRef = 597151E41F7746AB00C3C303 /* ViewController.swift */; };
		597151E81F7746AB00C3C303 /* Main.storyboard in Resources */ = {isa = PBXBuildFile; fileRef = 597151E61F7746AB00C3C303 /* Main.storyboard */; };
		597151EA1F7746AB00C3C303 /* Assets.xcassets in Resources */ = {isa = PBXBuildFile; fileRef = 597151E91F7746AB00C3C303 /* Assets.xcassets */; };
		597151ED1F7746AB00C3C303 /* LaunchScreen.storyboard in Resources */ = {isa = PBXBuildFile; fileRef = 597151EB1F7746AB00C3C303 /* LaunchScreen.storyboard */; };
/* End PBXBuildFile section */

/* Begin PBXFileReference section */
		597151DF1F7746AB00C3C303 /* PopUpTester.app */ = {isa = PBXFileReference; explicitFileType = wrapper.application; includeInIndex = 0; path = PopUpTester.app; sourceTree = BUILT_PRODUCTS_DIR; };
		597151E21F7746AB00C3C303 /* AppDelegate.swift */ = {isa = PBXFileReference; lastKnownFileType = sourcecode.swift; path = AppDelegate.swift; sourceTree = "<group>"; };
		597151E41F7746AB00C3C303 /* ViewController.swift */ = {isa = PBXFileReference; lastKnownFileType = sourcecode.swift; path = ViewController.swift; sourceTree = "<group>"; };
		597151E71F7746AB00C3C303 /* Base */ = {isa = PBXFileReference; lastKnownFileType = file.storyboard; name = Base; path = Base.lproj/Main.storyboard; sourceTree = "<group>"; };
		597151E91F7746AB00C3C303 /* Assets.xcassets */ = {isa = PBXFileReference; lastKnownFileType = folder.assetcatalog; path = Assets.xcassets; sourceTree = "<group>"; };
		597151EC1F7746AB00C3C303 /* Base */ = {isa = PBXFileReference; lastKnownFileType = file.storyboard; name = Base; path = Base.lproj/LaunchScreen.storyboard; sourceTree = "<group>"; };
		597151EE1F7746AB00C3C303 /* Info.plist */ = {isa = PBXFileReference; lastKnownFileType = text.plist.xml; path = Info.plist; sourceTree = "<group>"; };
/* End PBXFileReference section */

/* Begin PBXFrameworksBuildPhase section */
		597151DC1F7746AB00C3C303 /* Frameworks */ = {
			isa = PBXFrameworksBuildPhase;
			buildActionMask = 2147483647;
			files = (
			);
			runOnlyForDeploymentPostprocessing = 0;
		};
/* End PBXFrameworksBuildPhase section */

/* Begin PBXGroup section */
		597151D61F7746AB00C3C303 = {
			isa = PBXGroup;
			children = (
				597151E11F7746AB00C3C303 /* PopUpTester */,
				597151E01F7746AB00C3C303 /* Products */,
			);
			sourceTree = "<group>";
		};
		597151E01F7746AB00C3C303 /* Products */ = {
			isa = PBXGroup;
			children = (
				597151DF1F7746AB00C3C303 /* PopUpTester.app */,
			);
			name = Products;
			sourceTree = "<group>";
		};
		597151E11F7746AB00C3C303 /* PopUpTester */ = {
			isa = PBXGroup;
			children = (
				597151E21F7746AB00C3C303 /* AppDelegate.swift */,
				597151E41F7746AB00C3C303 /* ViewController.swift */,
				597151E61F7746AB00C3C303 /* Main.storyboard */,
				597151E91F7746AB00C3C303 /* Assets.xcassets */,
				597151EB1F7746AB00C3C303 /* LaunchScreen.storyboard */,
				597151EE1F7746AB00C3C303 /* Info.plist */,
			);
			path = PopUpTester;
			sourceTree = "<group>";
		};
/* End PBXGroup section */

/* Begin PBXNativeTarget section */
		597151DE1F7746AB00C3C303 /* PopUpTester */ = {
			isa = PBXNativeTarget;
			buildConfigurationList = 597151F11F7746AB00C3C303 /* Build configuration list for PBXNativeTarget "PopUpTester" */;
			buildPhases = (
				597151DB1F7746AB00C3C303 /* Sources */,
				597151DC1F7746AB00C3C303 /* Frameworks */,
				597151DD1F7746AB00C3C303 /* Resources */,
			);
			buildRules = (
			);
			dependencies = (
			);
			name = PopUpTester;
			productName = PopUpTester;
			productReference = 597151DF1F7746AB00C3C303 /* PopUpTester.app */;
			productType = "com.apple.product-type.application";
		};
/* End PBXNativeTarget section */

/* Begin PBXProject section */
		597151D71F7746AB00C3C303 /* Project object */ = {
			isa = PBXProject;
			attributes = {
				LastSwiftUpdateCheck = 0900;
				LastUpgradeCheck = 0900;
				ORGANIZATIONNAME = "Babak Nikkhoo";
				TargetAttributes = {
					597151DE1F7746AB00C3C303 = {
						CreatedOnToolsVersion = 9.0;
						ProvisioningStyle = Automatic;
					};
				};
			};
			buildConfigurationList = 597151DA1F7746AB00C3C303 /* Build configuration list for PBXProject "PopUpTester" */;
			compatibilityVersion = "Xcode 8.0";
			developmentRegion = en;
			hasScannedForEncodings = 0;
			knownRegions = (
				en,
				Base,
			);
			mainGroup = 597151D61F7746AB00C3C303;
			productRefGroup = 597151E01F7746AB00C3C303 /* Products */;
			projectDirPath = "";
			projectRoot = "";
			targets = (
				597151DE1F7746AB00C3C303 /* PopUpTester */,
			);
		};
/* End PBXProject section */

/* Begin PBXResourcesBuildPhase section */
		597151DD1F7746AB00C3C303 /* Resources */ = {
			isa = PBXResourcesBuildPhase;
			buildActionMask = 2147483647;
			files = (
				597151ED1F7746AB00C3C303 /* LaunchScreen.storyboard in Resources */,
				597151EA1F7746AB00C3C303 /* Assets.xcassets in Resources */,
				597151E81F7746AB00C3C303 /* Main.storyboard in Resources */,
			);
			runOnlyForDeploymentPostprocessing = 0;
		};
/* End PBXResourcesBuildPhase section */

/* Begin PBXSourcesBuildPhase section */
		597151DB1F7746AB00C3C303 /* Sources */ = {
			isa = PBXSourcesBuildPhase;
			buildActionMask = 2147483647;
			files = (
				597151E51F7746AB00C3C303 /* ViewController.swift in Sources */,
				597151E31F7746AB00C3C303 /* AppDelegate.swift in Sources */,
			);
			runOnlyForDeploymentPostprocessing = 0;
		};
/* End PBXSourcesBuildPhase section */

/* Begin PBXVariantGroup section */
		597151E61F7746AB00C3C303 /* Main.storyboard */ = {
			isa = PBXVariantGroup;
			children = (
				597151E71F7746AB00C3C303 /* Base */,
			);
			name = Main.storyboard;
			sourceTree = "<group>";
		};
		597151EB1F7746AB00C3C303 /* LaunchScreen.storyboard */ = {
			isa = PBXVariantGroup;
			children = (
				597151EC1F7746AB00C3C303 /* Base */,
			);
			name = LaunchScreen.storyboard;
			sourceTree = "<group>";
		};
/* End PBXVariantGroup section */

/* Begin XCBuildConfiguration section */
		597151EF1F7746AB00C3C303 /* Debug */ = {
			isa = XCBuildConfiguration;
			buildSettings = {
				ALWAYS_SEARCH_USER_PATHS = NO;
				CLANG_ANALYZER_NONNULL = YES;
				CLANG_ANALYZER_NUMBER_OBJECT_CONVERSION = YES_AGGRESSIVE;
				CLANG_CXX_LANGUAGE_STANDARD = "gnu++14";
				CLANG_CXX_LIBRARY = "libc++";
				CLANG_ENABLE_MODULES = YES;
				CLANG_ENABLE_OBJC_ARC = YES;
				CLANG_WARN_BLOCK_CAPTURE_AUTORELEASING = YES;
				CLANG_WARN_BOOL_CONVERSION = YES;
				CLANG_WARN_COMMA = YES;
				CLANG_WARN_CONSTANT_CONVERSION = YES;
				CLANG_WARN_DIRECT_OBJC_ISA_USAGE = YES_ERROR;
				CLANG_WARN_DOCUMENTATION_COMMENTS = YES;
				CLANG_WARN_EMPTY_BODY = YES;
				CLANG_WARN_ENUM_CONVERSION = YES;
				CLANG_WARN_INFINITE_RECURSION = YES;
				CLANG_WARN_INT_CONVERSION = YES;
				CLANG_WARN_NON_LITERAL_NULL_CONVERSION = YES;
				CLANG_WARN_OBJC_LITERAL_CONVERSION = YES;
				CLANG_WARN_OBJC_ROOT_CLASS = YES_ERROR;
				CLANG_WARN_RANGE_LOOP_ANALYSIS = YES;
				CLANG_WARN_STRICT_PROTOTYPES = YES;
				CLANG_WARN_SUSPICIOUS_MOVE = YES;
				CLANG_WARN_UNGUARDED_AVAILABILITY = YES_AGGRESSIVE;
				CLANG_WARN_UNREACHABLE_CODE = YES;
				CLANG_WARN__DUPLICATE_METHOD_MATCH = YES;
				CODE_SIGN_IDENTITY = "iPhone Developer";
				COPY_PHASE_STRIP = NO;
				DEBUG_INFORMATION_FORMAT = dwarf;
				ENABLE_STRICT_OBJC_MSGSEND = YES;
				ENABLE_TESTABILITY = YES;
				GCC_C_LANGUAGE_STANDARD = gnu11;
				GCC_DYNAMIC_NO_PIC = NO;
				GCC_NO_COMMON_BLOCKS = YES;
				GCC_OPTIMIZATION_LEVEL = 0;
				GCC_PREPROCESSOR_DEFINITIONS = (
					"DEBUG=1",
					"$(inherited)",
				);
				GCC_WARN_64_TO_32_BIT_CONVERSION = YES;
				GCC_WARN_ABOUT_RETURN_TYPE = YES_ERROR;
				GCC_WARN_UNDECLARED_SELECTOR = YES;
				GCC_WARN_UNINITIALIZED_AUTOS = YES_AGGRESSIVE;
				GCC_WARN_UNUSED_FUNCTION = YES;
				GCC_WARN_UNUSED_VARIABLE = YES;
				IPHONEOS_DEPLOYMENT_TARGET = 11.0;
				MTL_ENABLE_DEBUG_INFO = YES;
				ONLY_ACTIVE_ARCH = YES;
				SDKROOT = iphoneos;
				SWIFT_ACTIVE_COMPILATION_CONDITIONS = DEBUG;
				SWIFT_OPTIMIZATION_LEVEL = "-Onone";
			};
			name = Debug;
		};
		597151F01F7746AB00C3C303 /* Release */ = {
			isa = XCBuildConfiguration;
			buildSettings = {
				ALWAYS_SEARCH_USER_PATHS = NO;
				CLANG_ANALYZER_NONNULL = YES;
				CLANG_ANALYZER_NUMBER_OBJECT_CONVERSION = YES_AGGRESSIVE;
				CLANG_CXX_LANGUAGE_STANDARD = "gnu++14";
				CLANG_CXX_LIBRARY = "libc++";
				CLANG_ENABLE_MODULES = YES;
				CLANG_ENABLE_OBJC_ARC = YES;
				CLANG_WARN_BLOCK_CAPTURE_AUTORELEASING = YES;
				CLANG_WARN_BOOL_CONVERSION = YES;
				CLANG_WARN_COMMA = YES;
				CLANG_WARN_CONSTANT_CONVERSION = YES;
				CLANG_WARN_DIRECT_OBJC_ISA_USAGE = YES_ERROR;
				CLANG_WARN_DOCUMENTATION_COMMENTS = YES;
				CLANG_WARN_EMPTY_BODY = YES;
				CLANG_WARN_ENUM_CONVERSION = YES;
				CLANG_WARN_INFINITE_RECURSION = YES;
				CLANG_WARN_INT_CONVERSION = YES;
				CLANG_WARN_NON_LITERAL_NULL_CONVERSION = YES;
				CLANG_WARN_OBJC_LITERAL_CONVERSION = YES;
				CLANG_WARN_OBJC_ROOT_CLASS = YES_ERROR;
				CLANG_WARN_RANGE_LOOP_ANALYSIS = YES;
				CLANG_WARN_STRICT_PROTOTYPES = YES;
				CLANG_WARN_SUSPICIOUS_MOVE = YES;
				CLANG_WARN_UNGUARDED_AVAILABILITY = YES_AGGRESSIVE;
				CLANG_WARN_UNREACHABLE_CODE = YES;
				CLANG_WARN__DUPLICATE_METHOD_MATCH = YES;
				CODE_SIGN_IDENTITY = "iPhone Developer";
				COPY_PHASE_STRIP = NO;
				DEBUG_INFORMATION_FORMAT = "dwarf-with-dsym";
				ENABLE_NS_ASSERTIONS = NO;
				ENABLE_STRICT_OBJC_MSGSEND = YES;
				GCC_C_LANGUAGE_STANDARD = gnu11;
				GCC_NO_COMMON_BLOCKS = YES;
				GCC_WARN_64_TO_32_BIT_CONVERSION = YES;
				GCC_WARN_ABOUT_RETURN_TYPE = YES_ERROR;
				GCC_WARN_UNDECLARED_SELECTOR = YES;
				GCC_WARN_UNINITIALIZED_AUTOS = YES_AGGRESSIVE;
				GCC_WARN_UNUSED_FUNCTION = YES;
				GCC_WARN_UNUSED_VARIABLE = YES;
				IPHONEOS_DEPLOYMENT_TARGET = 11.0;
				MTL_ENABLE_DEBUG_INFO = NO;
				SDKROOT = iphoneos;
				SWIFT_OPTIMIZATION_LEVEL = "-Owholemodule";
				VALIDATE_PRODUCT = YES;
			};
			name = Release;
		};
		597151F21F7746AB00C3C303 /* Debug */ = {
			isa = XCBuildConfiguration;
			buildSettings = {
				ASSETCATALOG_COMPILER_APPICON_NAME = AppIcon;
				CODE_SIGN_STYLE = Automatic;
				DEVELOPMENT_TEAM = 655UC2VY57;
				INFOPLIST_FILE = PopUpTester/Info.plist;
				LD_RUNPATH_SEARCH_PATHS = "$(inherited) @executable_path/Frameworks";
				PRODUCT_BUNDLE_IDENTIFIER = com.boobs.PopUpTester;
				PRODUCT_NAME = "$(TARGET_NAME)";
				SWIFT_VERSION = 4.0;
				TARGETED_DEVICE_FAMILY = "1,2";
			};
			name = Debug;
		};
		597151F31F7746AB00C3C303 /* Release */ = {
			isa = XCBuildConfiguration;
			buildSettings = {
				ASSETCATALOG_COMPILER_APPICON_NAME = AppIcon;
				CODE_SIGN_STYLE = Automatic;
				DEVELOPMENT_TEAM = 655UC2VY57;
				INFOPLIST_FILE = PopUpTester/Info.plist;
				LD_RUNPATH_SEARCH_PATHS = "$(inherited) @executable_path/Frameworks";
				PRODUCT_BUNDLE_IDENTIFIER = com.boobs.PopUpTester;
				PRODUCT_NAME = "$(TARGET_NAME)";
				SWIFT_VERSION = 4.0;
				TARGETED_DEVICE_FAMILY = "1,2";
			};
			name = Release;
		};
/* End XCBuildConfiguration section */

/* Begin XCConfigurationList section */
		597151DA1F7746AB00C3C303 /* Build configuration list for PBXProject "PopUpTester" */ = {
			isa = XCConfigurationList;
			buildConfigurations = (
				597151EF1F7746AB00C3C303 /* Debug */,
				597151F01F7746AB00C3C303 /* Release */,
			);
			defaultConfigurationIsVisible = 0;
			defaultConfigurationName = Release;
		};
		597151F11F7746AB00C3C303 /* Build configuration list for PBXNativeTarget "PopUpTester" */ = {
			isa = XCConfigurationList;
			buildConfigurations = (
				597151F21F7746AB00C3C303 /* Debug */,
				597151F31F7746AB00C3C303 /* Release */,
			);
			defaultConfigurationIsVisible = 0;
			defaultConfigurationName = Release;
		};
/* End XCConfigurationList section */
	};
	rootObject = 597151D71F7746AB00C3C303 /* Project object */;
}
